{
  "name": "hello_world_server_side",
  "version": "1.0.0",
  "lockfileVersion": 3,
  "requires": true,
  "packages": {
    "": {
      "name": "hello_world_server_side",
      "version": "1.0.0",
      "license": "ISC",
      "dependencies": {
        "packagename": "^2.0.1"
      }
    },
    "node_modules/packagename": {
      "version": "2.0.1",
      "resolved": "https://registry.npmjs.org/packagename/-/packagename-2.0.1.tgz",
      "integrity": "sha512-NOnwliQX3bkNoT1gW8+n9sldWKldrfjAjmgUTAtCW5EvCMDytII5QqE0n6/sf9J3jF5MSCdEDvrhDj1nCYuTxg==",
      "license": "bs",
      "bin": {
        "maths": "main.js"
      }
    }
  }
}
